<?xml version="1.0" encoding="UTF-8"?>
<Scheme LastUpgradeVersion="2650" version="1.3">
<BuildAction parallelizeBuildables="YES" buildImplicitDependencies="YES"><BuildActionEntries><BuildActionEntry buildForTesting="YES" buildForRunning="YES" buildForProfiling="YES" buildForArchiving="YES" buildForAnalyzing="YES"><BuildableReference BuildableIdentifier="primary" BlueprintIdentifier="FF88548E1B96600E92451411" BuildableName="ScoreSplitter.app" BlueprintName="ScoreSplitter" ReferencedContainer="container:ScoreSplitter.xcodeproj"/></BuildActionEntry></BuildActionEntries></BuildAction>
<TestAction buildConfiguration="Debug" selectedDebuggerIdentifier="Xcode.DebuggerFoundation.Debugger.LLDB" selectedLauncherIdentifier="Xcode.IDEFoundation.Launcher.LLDB" shouldUseLaunchSchemeArgsEnv="NO"><MacroExpansion><BuildableReference BuildableIdentifier="primary" BlueprintIdentifier="FF88548E1B96600E92451411" BuildableName="ScoreSplitter.app" BlueprintName="ScoreSplitter" ReferencedContainer="container:ScoreSplitter.xcodeproj"/></MacroExpansion><Testables><TestableReference skipped="NO"><BuildableReference BuildableIdentifier="primary" BlueprintIdentifier="9047D5D8196ECD02DDA9331E" BuildableName="ScoreSplitterTests.xctest" BlueprintName="ScoreSplitterTests" ReferencedContainer="container:ScoreSplitter.xcodeproj"/></TestableReference><TestableReference skipped="NO"><BuildableReference BuildableIdentifier="primary" BlueprintIdentifier="21B14C9C14F10D1ABA2F8AD4" BuildableName="ScoreSplitterUITests.xctest" BlueprintName="ScoreSplitterUITests" ReferencedContainer="container:ScoreSplitter.xcodeproj"/></TestableReference></Testables><EnvironmentVariables><EnvironmentVariable key="IOS_LIVE_UI_TESTS" value="$(IOS_LIVE_UI_TESTS)" isEnabled="YES"/></EnvironmentVariables></TestAction>
<LaunchAction buildConfiguration="Debug" selectedDebuggerIdentifier="Xcode.DebuggerFoundation.Debugger.LLDB" selectedLauncherIdentifier="Xcode.IDEFoundation.Launcher.LLDB" launchStyle="0" useCustomWorkingDirectory="NO" ignoresPersistentStateOnLaunch="NO" debugServiceExtension="internal" allowLocationSimulation="YES"><BuildableProductRunnable runnableDebuggingMode="0"><BuildableReference BuildableIdentifier="primary" BlueprintIdentifier="FF88548E1B96600E92451411" BuildableName="ScoreSplitter.app" BlueprintName="ScoreSplitter" ReferencedContainer="container:ScoreSplitter.xcodeproj"/></BuildableProductRunnable></LaunchAction>
<ProfileAction buildConfiguration="Release" shouldUseLaunchSchemeArgsEnv="YES" savedToolIdentifier="" useCustomWorkingDirectory="NO" debugDocumentVersion="1.0"><BuildableProductRunnable runnableDebuggingMode="0"><BuildableReference BuildableIdentifier="primary" BlueprintIdentifier="FF88548E1B96600E92451411" BuildableName="ScoreSplitter.app" BlueprintName="ScoreSplitter" ReferencedContainer="container:ScoreSplitter.xcodeproj"/></BuildableProductRunnable></ProfileAction>
<AnalyzeAction buildConfiguration="Debug"/><ArchiveAction buildConfiguration="Release" revealArchiveInOrganizer="YES"/>
</Scheme>